
Microsoft Visual Studio Solution File, Format Version 12.00
# Visual Studio Version 17
VisualStudioVersion = 17.8.34408.163
MinimumVisualStudioVersion = 10.0.40219.1
Project("{FAE04EC0-301F-11D3-BF4B-00C04F79EFBC}") = "05_cv_", "05_cv_.csproj", "{7475BF91-6703-4BB6-9BE7-6A75B4C0EF51}"
EndProject
Global
	GlobalSection(SolutionConfigurationPlatforms) = preSolution
		Debug|Any CPU = Debug|Any CPU
		Release|Any CPU = Release|Any CPU
	EndGlobalSection
	GlobalSection(ProjectConfigurationPlatforms) = postSolution
		{7475BF91-6703-4BB6-9BE7-6A75B4C0EF51}.Debug|Any CPU.ActiveCfg = Debug|Any CPU
		{7475BF91-6703-4BB6-9BE7-6A75B4C0EF51}.Debug|Any CPU.Build.0 = Debug|Any CPU
		{7475BF91-6703-4BB6-9BE7-6A75B4C0EF51}.Release|Any CPU.ActiveCfg = Release|Any CPU
		{7475BF91-6703-4BB6-9BE7-6A75B4C0EF51}.Release|Any CPU.Build.0 = Release|Any CPU
	EndGlobalSection
	GlobalSection(SolutionProperties) = preSolution
		HideSolutionNode = FALSE
	EndGlobalSection
	GlobalSection(ExtensibilityGlobals) = postSolution
		SolutionGuid = {BC30AEB9-C7F2-4B01-BC04-7520B52B63AD}
	EndGlobalSection
EndGlobal
