
Microsoft Visual Studio Solution File, Format Version 12.00
# Visual Studio Version 17
VisualStudioVersion = 17.8.34408.163
MinimumVisualStudioVersion = 10.0.40219.1
Project("{FAE04EC0-301F-11D3-BF4B-00C04F79EFBC}") = "04_cv_", "04_cv_.csproj", "{1894480E-224B-42C6-BCAE-DBB4EA907061}"
EndProject
Global
	GlobalSection(SolutionConfigurationPlatforms) = preSolution
		Debug|Any CPU = Debug|Any CPU
		Release|Any CPU = Release|Any CPU
	EndGlobalSection
	GlobalSection(ProjectConfigurationPlatforms) = postSolution
		{1894480E-224B-42C6-BCAE-DBB4EA907061}.Debug|Any CPU.ActiveCfg = Debug|Any CPU
		{1894480E-224B-42C6-BCAE-DBB4EA907061}.Debug|Any CPU.Build.0 = Debug|Any CPU
		{1894480E-224B-42C6-BCAE-DBB4EA907061}.Release|Any CPU.ActiveCfg = Release|Any CPU
		{1894480E-224B-42C6-BCAE-DBB4EA907061}.Release|Any CPU.Build.0 = Release|Any CPU
	EndGlobalSection
	GlobalSection(SolutionProperties) = preSolution
		HideSolutionNode = FALSE
	EndGlobalSection
	GlobalSection(ExtensibilityGlobals) = postSolution
		SolutionGuid = {E3609475-EB7F-41B5-8514-7B5570888A68}
	EndGlobalSection
EndGlobal
