
Microsoft Visual Studio Solution File, Format Version 12.00
# Visual Studio Version 17
VisualStudioVersion = 17.8.34408.163
MinimumVisualStudioVersion = 10.0.40219.1
Project("{FAE04EC0-301F-11D3-BF4B-00C04F79EFBC}") = "04_cv", "04_cv.csproj", "{05B83B62-EAC3-4C86-91AC-4F98898F9D49}"
EndProject
Global
	GlobalSection(SolutionConfigurationPlatforms) = preSolution
		Debug|Any CPU = Debug|Any CPU
		Release|Any CPU = Release|Any CPU
	EndGlobalSection
	GlobalSection(ProjectConfigurationPlatforms) = postSolution
		{05B83B62-EAC3-4C86-91AC-4F98898F9D49}.Debug|Any CPU.ActiveCfg = Debug|Any CPU
		{05B83B62-EAC3-4C86-91AC-4F98898F9D49}.Debug|Any CPU.Build.0 = Debug|Any CPU
		{05B83B62-EAC3-4C86-91AC-4F98898F9D49}.Release|Any CPU.ActiveCfg = Release|Any CPU
		{05B83B62-EAC3-4C86-91AC-4F98898F9D49}.Release|Any CPU.Build.0 = Release|Any CPU
	EndGlobalSection
	GlobalSection(SolutionProperties) = preSolution
		HideSolutionNode = FALSE
	EndGlobalSection
	GlobalSection(ExtensibilityGlobals) = postSolution
		SolutionGuid = {6342C96D-360D-411D-A609-44FE10EB5BBB}
	EndGlobalSection
EndGlobal
