
Microsoft Visual Studio Solution File, Format Version 12.00
# Visual Studio Version 17
VisualStudioVersion = 17.9.34728.123
MinimumVisualStudioVersion = 10.0.40219.1
Project("{9A19103F-16F7-4668-BE54-9A1E7A4F7556}") = "12_cv_api", "12_cv_api\12_cv_api.csproj", "{78159776-9657-4BF5-8A54-B5143F6EE765}"
EndProject
Project("{9A19103F-16F7-4668-BE54-9A1E7A4F7556}") = "12_cv_app", "12_cv_app\12_cv_app.csproj", "{0E9AEF1F-F717-4EA9-AEA3-64A2BF393E5B}"
EndProject
Project("{FAE04EC0-301F-11D3-BF4B-00C04F79EFBC}") = "12_cv_WPF", "12_cv_WPF\12_cv_WPF.csproj", "{3EF83CD9-E168-4710-80AF-35F482123AF1}"
EndProject
Global
	GlobalSection(SolutionConfigurationPlatforms) = preSolution
		Debug|Any CPU = Debug|Any CPU
		Release|Any CPU = Release|Any CPU
	EndGlobalSection
	GlobalSection(ProjectConfigurationPlatforms) = postSolution
		{78159776-9657-4BF5-8A54-B5143F6EE765}.Debug|Any CPU.ActiveCfg = Debug|Any CPU
		{78159776-9657-4BF5-8A54-B5143F6EE765}.Debug|Any CPU.Build.0 = Debug|Any CPU
		{78159776-9657-4BF5-8A54-B5143F6EE765}.Release|Any CPU.ActiveCfg = Release|Any CPU
		{78159776-9657-4BF5-8A54-B5143F6EE765}.Release|Any CPU.Build.0 = Release|Any CPU
		{0E9AEF1F-F717-4EA9-AEA3-64A2BF393E5B}.Debug|Any CPU.ActiveCfg = Debug|Any CPU
		{0E9AEF1F-F717-4EA9-AEA3-64A2BF393E5B}.Debug|Any CPU.Build.0 = Debug|Any CPU
		{0E9AEF1F-F717-4EA9-AEA3-64A2BF393E5B}.Release|Any CPU.ActiveCfg = Release|Any CPU
		{0E9AEF1F-F717-4EA9-AEA3-64A2BF393E5B}.Release|Any CPU.Build.0 = Release|Any CPU
		{3EF83CD9-E168-4710-80AF-35F482123AF1}.Debug|Any CPU.ActiveCfg = Debug|Any CPU
		{3EF83CD9-E168-4710-80AF-35F482123AF1}.Debug|Any CPU.Build.0 = Debug|Any CPU
		{3EF83CD9-E168-4710-80AF-35F482123AF1}.Release|Any CPU.ActiveCfg = Release|Any CPU
		{3EF83CD9-E168-4710-80AF-35F482123AF1}.Release|Any CPU.Build.0 = Release|Any CPU
	EndGlobalSection
	GlobalSection(SolutionProperties) = preSolution
		HideSolutionNode = FALSE
	EndGlobalSection
	GlobalSection(ExtensibilityGlobals) = postSolution
		SolutionGuid = {343CF446-83A0-4F95-B7E5-DFA17DB63C90}
	EndGlobalSection
EndGlobal
